
Microsoft Visual Studio Solution File, Format Version 12.00
# Visual Studio 15
VisualStudioVersion = 15.0.27428.2005
MinimumVisualStudioVersion = 10.0.40219.1
Project("{2150E333-8FDC-42A3-9474-1A3956D46DE8}") = "Tests", "Tests", "{C9E01D7E-F28B-4641-BCA6-84BB1CE61B0F}"
EndProject
Project("{9A19103F-16F7-4668-BE54-9A1E7A4F7556}") = "PipeDream", "PipeDream\PipeDream.csproj", "{57F567FB-71D7-4C4B-ABC7-ED6BF20D51F8}"
EndProject
Project("{9A19103F-16F7-4668-BE54-9A1E7A4F7556}") = "ClientTest", "Tests\ClientTest\ClientTest.csproj", "{EE6789B5-6221-409E-855B-76C381D84CB1}"
EndProject
Project("{9A19103F-16F7-4668-BE54-9A1E7A4F7556}") = "ServerTest", "Tests\ServerTest\ServerTest.csproj", "{48F6AFFE-42C0-4F9B-9097-98F29391089D}"
EndProject
Project("{9A19103F-16F7-4668-BE54-9A1E7A4F7556}") = "ServerTest32", "Tests\ServerTest32\ServerTest32.csproj", "{CAE7E18D-DCD4-4AD6-802D-D0B324782684}"
EndProject
Project("{9A19103F-16F7-4668-BE54-9A1E7A4F7556}") = "ServerTest64", "Tests\ServerTest64\ServerTest64.csproj", "{F8C57245-BCB0-42A0-97BB-51A3B70A3BBF}"
EndProject
Global
	GlobalSection(SolutionConfigurationPlatforms) = preSolution
		Debug|Any CPU = Debug|Any CPU
		Release|Any CPU = Release|Any CPU
	EndGlobalSection
	GlobalSection(ProjectConfigurationPlatforms) = postSolution
		{57F567FB-71D7-4C4B-ABC7-ED6BF20D51F8}.Debug|Any CPU.ActiveCfg = Debug|Any CPU
		{57F567FB-71D7-4C4B-ABC7-ED6BF20D51F8}.Debug|Any CPU.Build.0 = Debug|Any CPU
		{57F567FB-71D7-4C4B-ABC7-ED6BF20D51F8}.Release|Any CPU.ActiveCfg = Release|Any CPU
		{57F567FB-71D7-4C4B-ABC7-ED6BF20D51F8}.Release|Any CPU.Build.0 = Release|Any CPU
		{EE6789B5-6221-409E-855B-76C381D84CB1}.Debug|Any CPU.ActiveCfg = Debug|Any CPU
		{EE6789B5-6221-409E-855B-76C381D84CB1}.Debug|Any CPU.Build.0 = Debug|Any CPU
		{EE6789B5-6221-409E-855B-76C381D84CB1}.Release|Any CPU.ActiveCfg = Release|Any CPU
		{EE6789B5-6221-409E-855B-76C381D84CB1}.Release|Any CPU.Build.0 = Release|Any CPU
		{48F6AFFE-42C0-4F9B-9097-98F29391089D}.Debug|Any CPU.ActiveCfg = Debug|Any CPU
		{48F6AFFE-42C0-4F9B-9097-98F29391089D}.Debug|Any CPU.Build.0 = Debug|Any CPU
		{48F6AFFE-42C0-4F9B-9097-98F29391089D}.Release|Any CPU.ActiveCfg = Release|Any CPU
		{48F6AFFE-42C0-4F9B-9097-98F29391089D}.Release|Any CPU.Build.0 = Release|Any CPU
		{CAE7E18D-DCD4-4AD6-802D-D0B324782684}.Debug|Any CPU.ActiveCfg = Debug|Any CPU
		{CAE7E18D-DCD4-4AD6-802D-D0B324782684}.Debug|Any CPU.Build.0 = Debug|Any CPU
		{CAE7E18D-DCD4-4AD6-802D-D0B324782684}.Release|Any CPU.ActiveCfg = Release|Any CPU
		{CAE7E18D-DCD4-4AD6-802D-D0B324782684}.Release|Any CPU.Build.0 = Release|Any CPU
		{F8C57245-BCB0-42A0-97BB-51A3B70A3BBF}.Debug|Any CPU.ActiveCfg = Debug|Any CPU
		{F8C57245-BCB0-42A0-97BB-51A3B70A3BBF}.Debug|Any CPU.Build.0 = Debug|Any CPU
		{F8C57245-BCB0-42A0-97BB-51A3B70A3BBF}.Release|Any CPU.ActiveCfg = Release|Any CPU
		{F8C57245-BCB0-42A0-97BB-51A3B70A3BBF}.Release|Any CPU.Build.0 = Release|Any CPU
	EndGlobalSection
	GlobalSection(SolutionProperties) = preSolution
		HideSolutionNode = FALSE
	EndGlobalSection
	GlobalSection(NestedProjects) = preSolution
		{EE6789B5-6221-409E-855B-76C381D84CB1} = {C9E01D7E-F28B-4641-BCA6-84BB1CE61B0F}
		{48F6AFFE-42C0-4F9B-9097-98F29391089D} = {C9E01D7E-F28B-4641-BCA6-84BB1CE61B0F}
		{CAE7E18D-DCD4-4AD6-802D-D0B324782684} = {C9E01D7E-F28B-4641-BCA6-84BB1CE61B0F}
		{F8C57245-BCB0-42A0-97BB-51A3B70A3BBF} = {C9E01D7E-F28B-4641-BCA6-84BB1CE61B0F}
	EndGlobalSection
	GlobalSection(ExtensibilityGlobals) = postSolution
		SolutionGuid = {457654B1-29CE-4A4D-AF44-0A41B49F4D43}
	EndGlobalSection
EndGlobal
