
Microsoft Visual Studio Solution File, Format Version 12.00
# Visual Studio 15
VisualStudioVersion = 15.0.27428.2005
MinimumVisualStudioVersion = 10.0.40219.1
Project("{2150E333-8FDC-42A3-9474-1A3956D46DE8}") = "Tests", "Tests", "{C9E01D7E-F28B-4641-BCA6-84BB1CE61B0F}"
EndProject
Project("{9A19103F-16F7-4668-BE54-9A1E7A4F7556}") = "ServerTest", "ServerTest\ServerTest.csproj", "{2E9916F8-0D6E-4D2D-ACBF-1869FF4FC444}"
EndProject
Project("{9A19103F-16F7-4668-BE54-9A1E7A4F7556}") = "ServerTest64", "ServerTest64\ServerTest64.csproj", "{725DE317-4F26-4A92-B8DF-D2FD837E7245}"
EndProject
Project("{9A19103F-16F7-4668-BE54-9A1E7A4F7556}") = "ServerTest32", "ServerTest32\ServerTest32.csproj", "{B89B380D-24AA-4D93-BD21-CA00CAC4332A}"
EndProject
Project("{9A19103F-16F7-4668-BE54-9A1E7A4F7556}") = "ClientTest", "ClientTest\ClientTest.csproj", "{ED84BA74-41BA-4DBD-B107-B4795239F11F}"
EndProject
Project("{9A19103F-16F7-4668-BE54-9A1E7A4F7556}") = "PipeDream", "PipeDream\PipeDream.csproj", "{57F567FB-71D7-4C4B-ABC7-ED6BF20D51F8}"
EndProject
Global
	GlobalSection(SolutionConfigurationPlatforms) = preSolution
		Debug|Any CPU = Debug|Any CPU
		Release|Any CPU = Release|Any CPU
	EndGlobalSection
	GlobalSection(ProjectConfigurationPlatforms) = postSolution
		{2E9916F8-0D6E-4D2D-ACBF-1869FF4FC444}.Debug|Any CPU.ActiveCfg = Debug|Any CPU
		{2E9916F8-0D6E-4D2D-ACBF-1869FF4FC444}.Debug|Any CPU.Build.0 = Debug|Any CPU
		{2E9916F8-0D6E-4D2D-ACBF-1869FF4FC444}.Release|Any CPU.ActiveCfg = Release|Any CPU
		{2E9916F8-0D6E-4D2D-ACBF-1869FF4FC444}.Release|Any CPU.Build.0 = Release|Any CPU
		{725DE317-4F26-4A92-B8DF-D2FD837E7245}.Debug|Any CPU.ActiveCfg = Debug|Any CPU
		{725DE317-4F26-4A92-B8DF-D2FD837E7245}.Debug|Any CPU.Build.0 = Debug|Any CPU
		{725DE317-4F26-4A92-B8DF-D2FD837E7245}.Release|Any CPU.ActiveCfg = Release|Any CPU
		{725DE317-4F26-4A92-B8DF-D2FD837E7245}.Release|Any CPU.Build.0 = Release|Any CPU
		{B89B380D-24AA-4D93-BD21-CA00CAC4332A}.Debug|Any CPU.ActiveCfg = Debug|Any CPU
		{B89B380D-24AA-4D93-BD21-CA00CAC4332A}.Debug|Any CPU.Build.0 = Debug|Any CPU
		{B89B380D-24AA-4D93-BD21-CA00CAC4332A}.Release|Any CPU.ActiveCfg = Release|Any CPU
		{B89B380D-24AA-4D93-BD21-CA00CAC4332A}.Release|Any CPU.Build.0 = Release|Any CPU
		{ED84BA74-41BA-4DBD-B107-B4795239F11F}.Debug|Any CPU.ActiveCfg = Debug|Any CPU
		{ED84BA74-41BA-4DBD-B107-B4795239F11F}.Debug|Any CPU.Build.0 = Debug|Any CPU
		{ED84BA74-41BA-4DBD-B107-B4795239F11F}.Release|Any CPU.ActiveCfg = Release|Any CPU
		{ED84BA74-41BA-4DBD-B107-B4795239F11F}.Release|Any CPU.Build.0 = Release|Any CPU
		{57F567FB-71D7-4C4B-ABC7-ED6BF20D51F8}.Debug|Any CPU.ActiveCfg = Debug|Any CPU
		{57F567FB-71D7-4C4B-ABC7-ED6BF20D51F8}.Debug|Any CPU.Build.0 = Debug|Any CPU
		{57F567FB-71D7-4C4B-ABC7-ED6BF20D51F8}.Release|Any CPU.ActiveCfg = Release|Any CPU
		{57F567FB-71D7-4C4B-ABC7-ED6BF20D51F8}.Release|Any CPU.Build.0 = Release|Any CPU
	EndGlobalSection
	GlobalSection(SolutionProperties) = preSolution
		HideSolutionNode = FALSE
	EndGlobalSection
	GlobalSection(NestedProjects) = preSolution
		{2E9916F8-0D6E-4D2D-ACBF-1869FF4FC444} = {C9E01D7E-F28B-4641-BCA6-84BB1CE61B0F}
		{725DE317-4F26-4A92-B8DF-D2FD837E7245} = {C9E01D7E-F28B-4641-BCA6-84BB1CE61B0F}
		{B89B380D-24AA-4D93-BD21-CA00CAC4332A} = {C9E01D7E-F28B-4641-BCA6-84BB1CE61B0F}
		{ED84BA74-41BA-4DBD-B107-B4795239F11F} = {C9E01D7E-F28B-4641-BCA6-84BB1CE61B0F}
	EndGlobalSection
	GlobalSection(ExtensibilityGlobals) = postSolution
		SolutionGuid = {457654B1-29CE-4A4D-AF44-0A41B49F4D43}
	EndGlobalSection
EndGlobal
